#List of all modules and the corresponding jsp's
#-----------------------------------------------
moduleName: ContentBlock
moduleIcon: IMAGES/CuppaWEB/kpersonalizer.png
moduleDescription: Use this element to import a re-usable content block into your page.
moduleDefaultXML: <contentblock><id></id><descriptive_name></descriptive_name><content_block><![CDATA[system/DefaultBlock.block]]></content_block><visible><![CDATA[true]]></visible></contentblock>

xmlSessionId_0: data
xmlParentNode_0: contentblock/
xmlDataToLoad_0: content_block/
xmlDataMultiple_0: false
